
Microsoft Visual Studio Solution File, Format Version 12.00
# Visual Studio Version 17
VisualStudioVersion = 17.11.35327.3
MinimumVisualStudioVersion = 10.0.40219.1
Project("{FAE04EC0-301F-11D3-BF4B-00C04F79EFBC}") = "RecordShopBackend", "RecordShopBackend\RecordShopBackend.csproj", "{193A82D0-F057-4400-8B66-C14DB6698775}"
EndProject
Project("{FAE04EC0-301F-11D3-BF4B-00C04F79EFBC}") = "RecordShopBackendTests", "RecordShopBackendTests\RecordShopBackendTests.csproj", "{870DAFFB-29A4-4FB8-9C5B-85A1AD1D45F0}"
EndProject
Global
	GlobalSection(SolutionConfigurationPlatforms) = preSolution
		Debug|Any CPU = Debug|Any CPU
		Release|Any CPU = Release|Any CPU
	EndGlobalSection
	GlobalSection(ProjectConfigurationPlatforms) = postSolution
		{193A82D0-F057-4400-8B66-C14DB6698775}.Debug|Any CPU.ActiveCfg = Debug|Any CPU
		{193A82D0-F057-4400-8B66-C14DB6698775}.Debug|Any CPU.Build.0 = Debug|Any CPU
		{193A82D0-F057-4400-8B66-C14DB6698775}.Release|Any CPU.ActiveCfg = Release|Any CPU
		{193A82D0-F057-4400-8B66-C14DB6698775}.Release|Any CPU.Build.0 = Release|Any CPU
		{870DAFFB-29A4-4FB8-9C5B-85A1AD1D45F0}.Debug|Any CPU.ActiveCfg = Debug|Any CPU
		{870DAFFB-29A4-4FB8-9C5B-85A1AD1D45F0}.Debug|Any CPU.Build.0 = Debug|Any CPU
		{870DAFFB-29A4-4FB8-9C5B-85A1AD1D45F0}.Release|Any CPU.ActiveCfg = Release|Any CPU
		{870DAFFB-29A4-4FB8-9C5B-85A1AD1D45F0}.Release|Any CPU.Build.0 = Release|Any CPU
	EndGlobalSection
	GlobalSection(SolutionProperties) = preSolution
		HideSolutionNode = FALSE
	EndGlobalSection
	GlobalSection(ExtensibilityGlobals) = postSolution
		SolutionGuid = {489DE0DE-982A-4B8C-AF07-507AE3F29DE9}
	EndGlobalSection
EndGlobal
